
Microsoft Visual Studio Solution File, Format Version 12.00
# Visual Studio 15
VisualStudioVersion = 15.0.28307.902
MinimumVisualStudioVersion = 10.0.40219.1
Project("{D2ABAB84-BF74-430A-B69E-9DC6D40DDA17}") = "ADMDataBase", "ADMDataBase\ADMDataBase.dwproj", "{A865044C-8808-4166-8114-E08D8A754DEB}"
EndProject
Global
	GlobalSection(SolutionConfigurationPlatforms) = preSolution
		Development|Default = Development|Default
	EndGlobalSection
	GlobalSection(ProjectConfigurationPlatforms) = postSolution
		{A865044C-8808-4166-8114-E08D8A754DEB}.Development|Default.ActiveCfg = Development
		{A865044C-8808-4166-8114-E08D8A754DEB}.Development|Default.Build.0 = Development
		{A865044C-8808-4166-8114-E08D8A754DEB}.Development|Default.Deploy.0 = Development
	EndGlobalSection
	GlobalSection(SolutionProperties) = preSolution
		HideSolutionNode = FALSE
	EndGlobalSection
	GlobalSection(ExtensibilityGlobals) = postSolution
		SolutionGuid = {5950D6D7-F3D0-4B9A-8ED5-A173BE27F127}
	EndGlobalSection
EndGlobal
